
Microsoft Visual Studio Solution File, Format Version 12.00
# Visual Studio 15
VisualStudioVersion = 15.0.28010.2048
MinimumVisualStudioVersion = 10.0.40219.1
Project("{FAE04EC0-301F-11D3-BF4B-00C04F79EFBC}") = "MusicCrew_One", "MusicCrew_One\MusicCrew_One.csproj", "{A8C254F0-AD8F-4CB5-A123-82287E7B2FB2}"
EndProject
Global
	GlobalSection(SolutionConfigurationPlatforms) = preSolution
		Debug|Any CPU = Debug|Any CPU
		Release|Any CPU = Release|Any CPU
	EndGlobalSection
	GlobalSection(ProjectConfigurationPlatforms) = postSolution
		{A8C254F0-AD8F-4CB5-A123-82287E7B2FB2}.Debug|Any CPU.ActiveCfg = Debug|Any CPU
		{A8C254F0-AD8F-4CB5-A123-82287E7B2FB2}.Debug|Any CPU.Build.0 = Debug|Any CPU
		{A8C254F0-AD8F-4CB5-A123-82287E7B2FB2}.Release|Any CPU.ActiveCfg = Release|Any CPU
		{A8C254F0-AD8F-4CB5-A123-82287E7B2FB2}.Release|Any CPU.Build.0 = Release|Any CPU
	EndGlobalSection
	GlobalSection(SolutionProperties) = preSolution
		HideSolutionNode = FALSE
	EndGlobalSection
	GlobalSection(ExtensibilityGlobals) = postSolution
		SolutionGuid = {1E4F908E-4EE8-45E1-9C02-55CDD20D7947}
	EndGlobalSection
EndGlobal
